
Microsoft Visual Studio Solution File, Format Version 12.00
# Visual Studio 2012
Project("{FAE04EC0-301F-11D3-BF4B-00C04F79EFBC}") = "Igloocoder.PhoneAnnotation", "Igloocoder.PhoneAnnotation\Igloocoder.PhoneAnnotation.csproj", "{02C495AD-8355-498D-BBFF-54ED6F4F3291}"
EndProject
Project("{FAE04EC0-301F-11D3-BF4B-00C04F79EFBC}") = "Igloocoder.PhoneAnnotation.Tests", "Igloocoder.PhoneAnnotation.Tests\Igloocoder.PhoneAnnotation.Tests.csproj", "{F1FA8CAB-9C7A-4377-8134-BB6F46A19AFB}"
EndProject
Project("{2150E333-8FDC-42A3-9474-1A3956D46DE8}") = ".nuget", ".nuget", "{2D7B9BF5-072E-4567-995C-D34B40F4FFEA}"
	ProjectSection(SolutionItems) = preProject
		.nuget\NuGet.Config = .nuget\NuGet.Config
		.nuget\NuGet.exe = .nuget\NuGet.exe
		.nuget\NuGet.targets = .nuget\NuGet.targets
	EndProjectSection
EndProject
Global
	GlobalSection(SolutionConfigurationPlatforms) = preSolution
		Debug|Any CPU = Debug|Any CPU
		Release|Any CPU = Release|Any CPU
	EndGlobalSection
	GlobalSection(ProjectConfigurationPlatforms) = postSolution
		{02C495AD-8355-498D-BBFF-54ED6F4F3291}.Debug|Any CPU.ActiveCfg = Debug|Any CPU
		{02C495AD-8355-498D-BBFF-54ED6F4F3291}.Debug|Any CPU.Build.0 = Debug|Any CPU
		{02C495AD-8355-498D-BBFF-54ED6F4F3291}.Release|Any CPU.ActiveCfg = Release|Any CPU
		{02C495AD-8355-498D-BBFF-54ED6F4F3291}.Release|Any CPU.Build.0 = Release|Any CPU
		{F1FA8CAB-9C7A-4377-8134-BB6F46A19AFB}.Debug|Any CPU.ActiveCfg = Debug|Any CPU
		{F1FA8CAB-9C7A-4377-8134-BB6F46A19AFB}.Debug|Any CPU.Build.0 = Debug|Any CPU
		{F1FA8CAB-9C7A-4377-8134-BB6F46A19AFB}.Release|Any CPU.ActiveCfg = Release|Any CPU
		{F1FA8CAB-9C7A-4377-8134-BB6F46A19AFB}.Release|Any CPU.Build.0 = Release|Any CPU
	EndGlobalSection
	GlobalSection(SolutionProperties) = preSolution
		HideSolutionNode = FALSE
	EndGlobalSection
EndGlobal
